
Microsoft Visual Studio Solution File, Format Version 12.00
# Visual Studio 15
VisualStudioVersion = 15.0.27004.2009
MinimumVisualStudioVersion = 10.0.40219.1
Project("{FAE04EC0-301F-11D3-BF4B-00C04F79EFBC}") = "FinalWork_Client", "FinalWork_Client\FinalWork_Client.csproj", "{E1A1631E-D5B1-4274-A113-F195F9CCD9C9}"
EndProject
Global
	GlobalSection(SolutionConfigurationPlatforms) = preSolution
		Debug|Any CPU = Debug|Any CPU
		Release|Any CPU = Release|Any CPU
	EndGlobalSection
	GlobalSection(ProjectConfigurationPlatforms) = postSolution
		{E1A1631E-D5B1-4274-A113-F195F9CCD9C9}.Debug|Any CPU.ActiveCfg = Debug|Any CPU
		{E1A1631E-D5B1-4274-A113-F195F9CCD9C9}.Debug|Any CPU.Build.0 = Debug|Any CPU
		{E1A1631E-D5B1-4274-A113-F195F9CCD9C9}.Release|Any CPU.ActiveCfg = Release|Any CPU
		{E1A1631E-D5B1-4274-A113-F195F9CCD9C9}.Release|Any CPU.Build.0 = Release|Any CPU
	EndGlobalSection
	GlobalSection(SolutionProperties) = preSolution
		HideSolutionNode = FALSE
	EndGlobalSection
	GlobalSection(ExtensibilityGlobals) = postSolution
		SolutionGuid = {2AC2A830-4CF2-4DF6-A05B-66C5ABF7B364}
	EndGlobalSection
EndGlobal
